
Microsoft Visual Studio Solution File, Format Version 12.00
# Visual Studio Version 16
VisualStudioVersion = 16.0.31729.503
MinimumVisualStudioVersion = 10.0.40219.1
Project("{9A19103F-16F7-4668-BE54-9A1E7A4F7556}") = "Quiz", "Quiz\Quiz.csproj", "{428AD01F-C91A-4D8C-A316-21FC9E09F1B3}"
EndProject
Project("{FAE04EC0-301F-11D3-BF4B-00C04F79EFBC}") = "DAO", "DAO\DAO.csproj", "{D93A87C7-A31D-485E-A5A3-3ACA4EC0D32A}"
EndProject
Global
	GlobalSection(SolutionConfigurationPlatforms) = preSolution
		Debug|Any CPU = Debug|Any CPU
		Release|Any CPU = Release|Any CPU
	EndGlobalSection
	GlobalSection(ProjectConfigurationPlatforms) = postSolution
		{428AD01F-C91A-4D8C-A316-21FC9E09F1B3}.Debug|Any CPU.ActiveCfg = Debug|Any CPU
		{428AD01F-C91A-4D8C-A316-21FC9E09F1B3}.Debug|Any CPU.Build.0 = Debug|Any CPU
		{428AD01F-C91A-4D8C-A316-21FC9E09F1B3}.Release|Any CPU.ActiveCfg = Release|Any CPU
		{428AD01F-C91A-4D8C-A316-21FC9E09F1B3}.Release|Any CPU.Build.0 = Release|Any CPU
		{D93A87C7-A31D-485E-A5A3-3ACA4EC0D32A}.Debug|Any CPU.ActiveCfg = Debug|Any CPU
		{D93A87C7-A31D-485E-A5A3-3ACA4EC0D32A}.Debug|Any CPU.Build.0 = Debug|Any CPU
		{D93A87C7-A31D-485E-A5A3-3ACA4EC0D32A}.Release|Any CPU.ActiveCfg = Release|Any CPU
		{D93A87C7-A31D-485E-A5A3-3ACA4EC0D32A}.Release|Any CPU.Build.0 = Release|Any CPU
	EndGlobalSection
	GlobalSection(SolutionProperties) = preSolution
		HideSolutionNode = FALSE
	EndGlobalSection
	GlobalSection(ExtensibilityGlobals) = postSolution
		SolutionGuid = {4412FEC9-8D87-47EE-BC27-7F98315AEBBF}
	EndGlobalSection
EndGlobal
